# THIS IS AN AUTOGENERATED FILE. DO NOT EDIT THIS FILE DIRECTLY.
# yarn lockfile v1


moment@^2.29.1:
  version "2.29.3"
  resolved "https://registry.yarnpkg.com/moment/-/moment-2.29.3.tgz#edd47411c322413999f7a5940d526de183c031f3"
  integrity sha512-c6YRvhEo//6T2Jz/vVtYzqBzwvPT95JBQ+smCytzf7c50oMZRsR/a4w88aD34I+/QVSfnoAnSBFPJHItlOMJVw==

tslib@^2.0.0:
  version "2.4.0"
  resolved "https://registry.yarnpkg.com/tslib/-/tslib-2.4.0.tgz#7cecaa7f073ce680a05847aa77be941098f36dc3"
  integrity sha512-d6xOpEDfsi2CZVlPQzGeux8XMwLT9hssAsaPYExaQMuYskwb+x1x7J371tWlbBdWHroy99KnVB6qIkUbs5X3UQ==
